
Microsoft Visual Studio Solution File, Format Version 12.00
# Visual Studio Version 16
VisualStudioVersion = 16.6.30114.105
MinimumVisualStudioVersion = 10.0.40219.1
Project("{9A19103F-16F7-4668-BE54-9A1E7A4F7556}") = "FrenzyAPI", "FrenzyAPI\FrenzyAPI.csproj", "{83B276B7-EB10-44CE-9A7B-0ED7CDA9B8E3}"
EndProject
Project("{FAE04EC0-301F-11D3-BF4B-00C04F79EFBC}") = "ServiceCore", "ServiceCore\ServiceCore.csproj", "{6D79FA81-A0DC-47E8-8ECF-D1D38B92377C}"
EndProject
Project("{FAE04EC0-301F-11D3-BF4B-00C04F79EFBC}") = "Repository", "Repository\Repository.csproj", "{243E8AC3-6853-434E-BCBE-F9A80F46A846}"
EndProject
Project("{FAE04EC0-301F-11D3-BF4B-00C04F79EFBC}") = "Contract", "Contract\Contract.csproj", "{9E24C4BF-9BB7-4564-940E-725D712E8E4D}"
EndProject
Project("{FAE04EC0-301F-11D3-BF4B-00C04F79EFBC}") = "Models", "Models\Models.csproj", "{19349BD8-77FC-41CE-A3A8-6DDBBB58A54C}"
EndProject
Global
	GlobalSection(SolutionConfigurationPlatforms) = preSolution
		Debug|Any CPU = Debug|Any CPU
		Debug|x64 = Debug|x64
		Debug|x86 = Debug|x86
		Release|Any CPU = Release|Any CPU
		Release|x64 = Release|x64
		Release|x86 = Release|x86
	EndGlobalSection
	GlobalSection(ProjectConfigurationPlatforms) = postSolution
		{83B276B7-EB10-44CE-9A7B-0ED7CDA9B8E3}.Debug|Any CPU.ActiveCfg = Debug|Any CPU
		{83B276B7-EB10-44CE-9A7B-0ED7CDA9B8E3}.Debug|Any CPU.Build.0 = Debug|Any CPU
		{83B276B7-EB10-44CE-9A7B-0ED7CDA9B8E3}.Debug|x64.ActiveCfg = Debug|Any CPU
		{83B276B7-EB10-44CE-9A7B-0ED7CDA9B8E3}.Debug|x64.Build.0 = Debug|Any CPU
		{83B276B7-EB10-44CE-9A7B-0ED7CDA9B8E3}.Debug|x86.ActiveCfg = Debug|Any CPU
		{83B276B7-EB10-44CE-9A7B-0ED7CDA9B8E3}.Debug|x86.Build.0 = Debug|Any CPU
		{83B276B7-EB10-44CE-9A7B-0ED7CDA9B8E3}.Release|Any CPU.ActiveCfg = Release|Any CPU
		{83B276B7-EB10-44CE-9A7B-0ED7CDA9B8E3}.Release|Any CPU.Build.0 = Release|Any CPU
		{83B276B7-EB10-44CE-9A7B-0ED7CDA9B8E3}.Release|x64.ActiveCfg = Release|Any CPU
		{83B276B7-EB10-44CE-9A7B-0ED7CDA9B8E3}.Release|x64.Build.0 = Release|Any CPU
		{83B276B7-EB10-44CE-9A7B-0ED7CDA9B8E3}.Release|x86.ActiveCfg = Release|Any CPU
		{83B276B7-EB10-44CE-9A7B-0ED7CDA9B8E3}.Release|x86.Build.0 = Release|Any CPU
		{6D79FA81-A0DC-47E8-8ECF-D1D38B92377C}.Debug|Any CPU.ActiveCfg = Debug|Any CPU
		{6D79FA81-A0DC-47E8-8ECF-D1D38B92377C}.Debug|Any CPU.Build.0 = Debug|Any CPU
		{6D79FA81-A0DC-47E8-8ECF-D1D38B92377C}.Debug|x64.ActiveCfg = Debug|Any CPU
		{6D79FA81-A0DC-47E8-8ECF-D1D38B92377C}.Debug|x64.Build.0 = Debug|Any CPU
		{6D79FA81-A0DC-47E8-8ECF-D1D38B92377C}.Debug|x86.ActiveCfg = Debug|Any CPU
		{6D79FA81-A0DC-47E8-8ECF-D1D38B92377C}.Debug|x86.Build.0 = Debug|Any CPU
		{6D79FA81-A0DC-47E8-8ECF-D1D38B92377C}.Release|Any CPU.ActiveCfg = Release|Any CPU
		{6D79FA81-A0DC-47E8-8ECF-D1D38B92377C}.Release|Any CPU.Build.0 = Release|Any CPU
		{6D79FA81-A0DC-47E8-8ECF-D1D38B92377C}.Release|x64.ActiveCfg = Release|Any CPU
		{6D79FA81-A0DC-47E8-8ECF-D1D38B92377C}.Release|x64.Build.0 = Release|Any CPU
		{6D79FA81-A0DC-47E8-8ECF-D1D38B92377C}.Release|x86.ActiveCfg = Release|Any CPU
		{6D79FA81-A0DC-47E8-8ECF-D1D38B92377C}.Release|x86.Build.0 = Release|Any CPU
		{243E8AC3-6853-434E-BCBE-F9A80F46A846}.Debug|Any CPU.ActiveCfg = Debug|Any CPU
		{243E8AC3-6853-434E-BCBE-F9A80F46A846}.Debug|Any CPU.Build.0 = Debug|Any CPU
		{243E8AC3-6853-434E-BCBE-F9A80F46A846}.Debug|x64.ActiveCfg = Debug|Any CPU
		{243E8AC3-6853-434E-BCBE-F9A80F46A846}.Debug|x64.Build.0 = Debug|Any CPU
		{243E8AC3-6853-434E-BCBE-F9A80F46A846}.Debug|x86.ActiveCfg = Debug|Any CPU
		{243E8AC3-6853-434E-BCBE-F9A80F46A846}.Debug|x86.Build.0 = Debug|Any CPU
		{243E8AC3-6853-434E-BCBE-F9A80F46A846}.Release|Any CPU.ActiveCfg = Release|Any CPU
		{243E8AC3-6853-434E-BCBE-F9A80F46A846}.Release|Any CPU.Build.0 = Release|Any CPU
		{243E8AC3-6853-434E-BCBE-F9A80F46A846}.Release|x64.ActiveCfg = Release|Any CPU
		{243E8AC3-6853-434E-BCBE-F9A80F46A846}.Release|x64.Build.0 = Release|Any CPU
		{243E8AC3-6853-434E-BCBE-F9A80F46A846}.Release|x86.ActiveCfg = Release|Any CPU
		{243E8AC3-6853-434E-BCBE-F9A80F46A846}.Release|x86.Build.0 = Release|Any CPU
		{9E24C4BF-9BB7-4564-940E-725D712E8E4D}.Debug|Any CPU.ActiveCfg = Debug|Any CPU
		{9E24C4BF-9BB7-4564-940E-725D712E8E4D}.Debug|Any CPU.Build.0 = Debug|Any CPU
		{9E24C4BF-9BB7-4564-940E-725D712E8E4D}.Debug|x64.ActiveCfg = Debug|Any CPU
		{9E24C4BF-9BB7-4564-940E-725D712E8E4D}.Debug|x64.Build.0 = Debug|Any CPU
		{9E24C4BF-9BB7-4564-940E-725D712E8E4D}.Debug|x86.ActiveCfg = Debug|Any CPU
		{9E24C4BF-9BB7-4564-940E-725D712E8E4D}.Debug|x86.Build.0 = Debug|Any CPU
		{9E24C4BF-9BB7-4564-940E-725D712E8E4D}.Release|Any CPU.ActiveCfg = Release|Any CPU
		{9E24C4BF-9BB7-4564-940E-725D712E8E4D}.Release|Any CPU.Build.0 = Release|Any CPU
		{9E24C4BF-9BB7-4564-940E-725D712E8E4D}.Release|x64.ActiveCfg = Release|Any CPU
		{9E24C4BF-9BB7-4564-940E-725D712E8E4D}.Release|x64.Build.0 = Release|Any CPU
		{9E24C4BF-9BB7-4564-940E-725D712E8E4D}.Release|x86.ActiveCfg = Release|Any CPU
		{9E24C4BF-9BB7-4564-940E-725D712E8E4D}.Release|x86.Build.0 = Release|Any CPU
		{19349BD8-77FC-41CE-A3A8-6DDBBB58A54C}.Debug|Any CPU.ActiveCfg = Debug|Any CPU
		{19349BD8-77FC-41CE-A3A8-6DDBBB58A54C}.Debug|Any CPU.Build.0 = Debug|Any CPU
		{19349BD8-77FC-41CE-A3A8-6DDBBB58A54C}.Debug|x64.ActiveCfg = Debug|Any CPU
		{19349BD8-77FC-41CE-A3A8-6DDBBB58A54C}.Debug|x64.Build.0 = Debug|Any CPU
		{19349BD8-77FC-41CE-A3A8-6DDBBB58A54C}.Debug|x86.ActiveCfg = Debug|Any CPU
		{19349BD8-77FC-41CE-A3A8-6DDBBB58A54C}.Debug|x86.Build.0 = Debug|Any CPU
		{19349BD8-77FC-41CE-A3A8-6DDBBB58A54C}.Release|Any CPU.ActiveCfg = Release|Any CPU
		{19349BD8-77FC-41CE-A3A8-6DDBBB58A54C}.Release|Any CPU.Build.0 = Release|Any CPU
		{19349BD8-77FC-41CE-A3A8-6DDBBB58A54C}.Release|x64.ActiveCfg = Release|Any CPU
		{19349BD8-77FC-41CE-A3A8-6DDBBB58A54C}.Release|x64.Build.0 = Release|Any CPU
		{19349BD8-77FC-41CE-A3A8-6DDBBB58A54C}.Release|x86.ActiveCfg = Release|Any CPU
		{19349BD8-77FC-41CE-A3A8-6DDBBB58A54C}.Release|x86.Build.0 = Release|Any CPU
	EndGlobalSection
	GlobalSection(SolutionProperties) = preSolution
		HideSolutionNode = FALSE
	EndGlobalSection
	GlobalSection(ExtensibilityGlobals) = postSolution
		SolutionGuid = {19DCC11E-CE64-46C5-B005-1B18BEC91663}
	EndGlobalSection
EndGlobal
